
Microsoft Visual Studio Solution File, Format Version 12.00
Project("{FAE04EC0-301F-11D3-BF4B-00C04F79EFBC}") = "KiteConnectJugaad", "KiteConnectJugaad\KiteConnectJugaad.csproj", "{103AEB0C-5069-428A-A102-2F4AD8FB9755}"
EndProject
Global
	GlobalSection(SolutionConfigurationPlatforms) = preSolution
		Debug|Any CPU = Debug|Any CPU
		Release|Any CPU = Release|Any CPU
	EndGlobalSection
	GlobalSection(ProjectConfigurationPlatforms) = postSolution
		{103AEB0C-5069-428A-A102-2F4AD8FB9755}.Debug|Any CPU.ActiveCfg = Debug|Any CPU
		{103AEB0C-5069-428A-A102-2F4AD8FB9755}.Debug|Any CPU.Build.0 = Debug|Any CPU
		{103AEB0C-5069-428A-A102-2F4AD8FB9755}.Release|Any CPU.ActiveCfg = Release|Any CPU
		{103AEB0C-5069-428A-A102-2F4AD8FB9755}.Release|Any CPU.Build.0 = Release|Any CPU
	EndGlobalSection
EndGlobal
